github.com/bwmarrin/snowflake v0.3.0 h1:xm67bEhkKh6ij1790JB83OujPR5CzNe8QuQqAgISZN0=
github.com/bwmarrin/snowflake v0.3.0/go.mod h1:NdZxfVWX+oR6y2K0o6qAYv6gIOP9rjG0/E9WsDpxqwE=
github.com/lib/pq v1.10.4 h1:SO9z7FRPzA03QhHKJrH5BXA6HU1rS4V2nIVrrNC1iYk=
github.com/lib/pq v1.10.4/go.mod h1:AlVN5x4E4T544tWzH6hKfbfQvm3HdbOxrmggDNAPY9o=
github.com/volts-dev/cacher v0.0.0-20180329043438-92d368b7b959 h1:CQObvPFa0aEn6NYYTtyKuIiycjQYLd+39k3VBqjXRWc=
github.com/volts-dev/cacher v0.0.0-20180329043438-92d368b7b959/go.mod h1:l7Wwi0Plu9DT8JYsOjPSpSehuZHnXpCU5mznZQHUaPY=
github.com/volts-dev/dataset v0.0.0-20210303044526-4e29c6250cdc h1:C3iMTwWRKB7/a3znRH9bxk7TRIBkxg8Mm1iYIq260OM=
github.com/volts-dev/dataset v0.0.0-20210303044526-4e29c6250cdc/go.mod h1:uaZ/IBBbDWeq3Rx4H+UbaK2QiVvgoUGaE6ihqe4F+tc=
github.com/volts-dev/lexer v0.0.0-20200528054106-0cc2fffb8ac7 h1:XznQhd6OH4H2E3o5Gy1Cg5zOPiCMDshBcx2WG3gE3FA=
github.com/volts-dev/lexer v0.0.0-20200528054106-0cc2fffb8ac7/go.mod h1:vCgKI36YGJpEdS60I6+ljiMUd+MfSr9udDaBl7hb9+I=
github.com/volts-dev/logger v0.0.0-20201021093504-d9dc4be2acb3/go.mod h1:6inPB8QNCDUKyIw9dB9zBvboUgfHsApbVOEqW3vVTh4=
github.com/volts-dev/logger v0.0.0-20210803162057-18754d780c31 h1:bqgYK+7Ek0FuDq5ucyrKZ6v/iTkIYXr1Z9Hj8mFZfRY=
github.com/volts-dev/logger v0.0.0-20210803162057-18754d780c31/go.mod h1:6inPB8QNCDUKyIw9dB9zBvboUgfHsApbVOEqW3vVTh4=
github.com/volts-dev/utils v0.0.0-20210131181100-6365ffec7098/go.mod h1:Gc+qRhI3xm2jw2mAv+X7xI91R9+t+oeTrnYoUes1Aco=
github.com/volts-dev/utils v0.0.0-20220114095423-ea7bf7f05b74 h1:co3LP2Pvh8bsOnR5/oNR6x7KVYD/NyCgoKsubzPP2Hc=
github.com/volts-dev/utils v0.0.0-20220114095423-ea7bf7f05b74/go.mod h1:Gc+qRhI3xm2jw2mAv+X7xI91R9+t+oeTrnYoUes1Aco=
